// !$*UTF8*$!
{
	archiveVersion = 1;
	classes = {
	};
	objectVersion = 50;
	objects = {

/* Begin PBXBuildFile section */
		3B5FE0DC252709330032AAA9 /* GCDTest.m in Sources */ = {isa = PBXBuildFile; fileRef = 3B5FE0DB252709330032AAA9 /* GCDTest.m */; };
		3BDA385B2526BB8600CD9532 /* GCDOtherViewController.m in Sources */ = {isa = PBXBuildFile; fileRef = 3BDA385A2526BB8600CD9532 /* GCDOtherViewController.m */; };
		3BDE6AC425172FD200EACE6C /* PThreadViewController.m in Sources */ = {isa = PBXBuildFile; fileRef = 3BDE6AC325172FD200EACE6C /* PThreadViewController.m */; };
		3BDE6ADB25189DAF00EACE6C /* WMThread.m in Sources */ = {isa = PBXBuildFile; fileRef = 3BDE6ADA25189DAF00EACE6C /* WMThread.m */; };
		3BF5B43E24B1CAE00038A77F /* AppDelegate.m in Sources */ = {isa = PBXBuildFile; fileRef = 3BF5B43D24B1CAE00038A77F /* AppDelegate.m */; };
		3BF5B44124B1CAE00038A77F /* SceneDelegate.m in Sources */ = {isa = PBXBuildFile; fileRef = 3BF5B44024B1CAE00038A77F /* SceneDelegate.m */; };
		3BF5B44724B1CAE00038A77F /* Main.storyboard in Resources */ = {isa = PBXBuildFile; fileRef = 3BF5B44524B1CAE00038A77F /* Main.storyboard */; };
		3BF5B44924B1CAE30038A77F /* Assets.xcassets in Resources */ = {isa = PBXBuildFile; fileRef = 3BF5B44824B1CAE30038A77F /* Assets.xcassets */; };
		3BF5B44C24B1CAE30038A77F /* LaunchScreen.storyboard in Resources */ = {isa = PBXBuildFile; fileRef = 3BF5B44A24B1CAE30038A77F /* LaunchScreen.storyboard */; };
		3BF5B44F24B1CAE30038A77F /* main.m in Sources */ = {isa = PBXBuildFile; fileRef = 3BF5B44E24B1CAE30038A77F /* main.m */; };
		3BF5B45C24B1CC6C0038A77F /* BaseViewController.m in Sources */ = {isa = PBXBuildFile; fileRef = 3BF5B45B24B1CC6C0038A77F /* BaseViewController.m */; };
		3BF5B45F24B1CC800038A77F /* MainViewController.m in Sources */ = {isa = PBXBuildFile; fileRef = 3BF5B45E24B1CC800038A77F /* MainViewController.m */; };
		3BF5B46224B1D06B0038A77F /* ThreadViewController.m in Sources */ = {isa = PBXBuildFile; fileRef = 3BF5B46124B1D06B0038A77F /* ThreadViewController.m */; };
		3BF5B46524B1D0750038A77F /* GCDViewController.m in Sources */ = {isa = PBXBuildFile; fileRef = 3BF5B46424B1D0750038A77F /* GCDViewController.m */; };
		3BF5B46824B1D0850038A77F /* OperationViewController.m in Sources */ = {isa = PBXBuildFile; fileRef = 3BF5B46724B1D0850038A77F /* OperationViewController.m */; };
/* End PBXBuildFile section */

/* Begin PBXFileReference section */
		3B5FE0DA252709330032AAA9 /* GCDTest.h */ = {isa = PBXFileReference; lastKnownFileType = sourcecode.c.h; path = GCDTest.h; sourceTree = "<group>"; };
		3B5FE0DB252709330032AAA9 /* GCDTest.m */ = {isa = PBXFileReference; lastKnownFileType = sourcecode.c.objc; path = GCDTest.m; sourceTree = "<group>"; };
		3BDA38592526BB8600CD9532 /* GCDOtherViewController.h */ = {isa = PBXFileReference; lastKnownFileType = sourcecode.c.h; path = GCDOtherViewController.h; sourceTree = "<group>"; };
		3BDA385A2526BB8600CD9532 /* GCDOtherViewController.m */ = {isa = PBXFileReference; lastKnownFileType = sourcecode.c.objc; path = GCDOtherViewController.m; sourceTree = "<group>"; };
		3BDE6AC225172FD200EACE6C /* PThreadViewController.h */ = {isa = PBXFileReference; lastKnownFileType = sourcecode.c.h; path = PThreadViewController.h; sourceTree = "<group>"; };
		3BDE6AC325172FD200EACE6C /* PThreadViewController.m */ = {isa = PBXFileReference; lastKnownFileType = sourcecode.c.objc; path = PThreadViewController.m; sourceTree = "<group>"; };
		3BDE6AD925189DAF00EACE6C /* WMThread.h */ = {isa = PBXFileReference; lastKnownFileType = sourcecode.c.h; path = WMThread.h; sourceTree = "<group>"; };
		3BDE6ADA25189DAF00EACE6C /* WMThread.m */ = {isa = PBXFileReference; lastKnownFileType = sourcecode.c.objc; path = WMThread.m; sourceTree = "<group>"; };
		3BF5B43924B1CAE00038A77F /* 多线程.app */ = {isa = PBXFileReference; explicitFileType = wrapper.application; includeInIndex = 0; path = "多线程.app"; sourceTree = BUILT_PRODUCTS_DIR; };
		3BF5B43C24B1CAE00038A77F /* AppDelegate.h */ = {isa = PBXFileReference; lastKnownFileType = sourcecode.c.h; path = AppDelegate.h; sourceTree = "<group>"; };
		3BF5B43D24B1CAE00038A77F /* AppDelegate.m */ = {isa = PBXFileReference; lastKnownFileType = sourcecode.c.objc; path = AppDelegate.m; sourceTree = "<group>"; };
		3BF5B43F24B1CAE00038A77F /* SceneDelegate.h */ = {isa = PBXFileReference; lastKnownFileType = sourcecode.c.h; path = SceneDelegate.h; sourceTree = "<group>"; };
		3BF5B44024B1CAE00038A77F /* SceneDelegate.m */ = {isa = PBXFileReference; lastKnownFileType = sourcecode.c.objc; path = SceneDelegate.m; sourceTree = "<group>"; };
		3BF5B44624B1CAE00038A77F /* Base */ = {isa = PBXFileReference; lastKnownFileType = file.storyboard; name = Base; path = Base.lproj/Main.storyboard; sourceTree = "<group>"; };
		3BF5B44824B1CAE30038A77F /* Assets.xcassets */ = {isa = PBXFileReference; lastKnownFileType = folder.assetcatalog; path = Assets.xcassets; sourceTree = "<group>"; };
		3BF5B44B24B1CAE30038A77F /* Base */ = {isa = PBXFileReference; lastKnownFileType = file.storyboard; name = Base; path = Base.lproj/LaunchScreen.storyboard; sourceTree = "<group>"; };
		3BF5B44D24B1CAE30038A77F /* Info.plist */ = {isa = PBXFileReference; lastKnownFileType = text.plist.xml; path = Info.plist; sourceTree = "<group>"; };
		3BF5B44E24B1CAE30038A77F /* main.m */ = {isa = PBXFileReference; lastKnownFileType = sourcecode.c.objc; path = main.m; sourceTree = "<group>"; };
		3BF5B45A24B1CC6C0038A77F /* BaseViewController.h */ = {isa = PBXFileReference; lastKnownFileType = sourcecode.c.h; path = BaseViewController.h; sourceTree = "<group>"; };
		3BF5B45B24B1CC6C0038A77F /* BaseViewController.m */ = {isa = PBXFileReference; lastKnownFileType = sourcecode.c.objc; path = BaseViewController.m; sourceTree = "<group>"; };
		3BF5B45D24B1CC800038A77F /* MainViewController.h */ = {isa = PBXFileReference; lastKnownFileType = sourcecode.c.h; path = MainViewController.h; sourceTree = "<group>"; };
		3BF5B45E24B1CC800038A77F /* MainViewController.m */ = {isa = PBXFileReference; lastKnownFileType = sourcecode.c.objc; path = MainViewController.m; sourceTree = "<group>"; };
		3BF5B46024B1D06B0038A77F /* ThreadViewController.h */ = {isa = PBXFileReference; lastKnownFileType = sourcecode.c.h; path = ThreadViewController.h; sourceTree = "<group>"; };
		3BF5B46124B1D06B0038A77F /* ThreadViewController.m */ = {isa = PBXFileReference; lastKnownFileType = sourcecode.c.objc; path = ThreadViewController.m; sourceTree = "<group>"; };
		3BF5B46324B1D0750038A77F /* GCDViewController.h */ = {isa = PBXFileReference; lastKnownFileType = sourcecode.c.h; path = GCDViewController.h; sourceTree = "<group>"; };
		3BF5B46424B1D0750038A77F /* GCDViewController.m */ = {isa = PBXFileReference; lastKnownFileType = sourcecode.c.objc; path = GCDViewController.m; sourceTree = "<group>"; };
		3BF5B46624B1D0850038A77F /* OperationViewController.h */ = {isa = PBXFileReference; lastKnownFileType = sourcecode.c.h; path = OperationViewController.h; sourceTree = "<group>"; };
		3BF5B46724B1D0850038A77F /* OperationViewController.m */ = {isa = PBXFileReference; lastKnownFileType = sourcecode.c.objc; path = OperationViewController.m; sourceTree = "<group>"; };
/* End PBXFileReference section */

/* Begin PBXFrameworksBuildPhase section */
		3BF5B43624B1CAE00038A77F /* Frameworks */ = {
			isa = PBXFrameworksBuildPhase;
			buildActionMask = 2147483647;
			files = (
			);
			runOnlyForDeploymentPostprocessing = 0;
		};
/* End PBXFrameworksBuildPhase section */

/* Begin PBXGroup section */
		3BDE6AD825189D8E00EACE6C /* Tools */ = {
			isa = PBXGroup;
			children = (
				3BDE6AD925189DAF00EACE6C /* WMThread.h */,
				3BDE6ADA25189DAF00EACE6C /* WMThread.m */,
				3B5FE0DA252709330032AAA9 /* GCDTest.h */,
				3B5FE0DB252709330032AAA9 /* GCDTest.m */,
			);
			path = Tools;
			sourceTree = "<group>";
		};
		3BF5B43024B1CAE00038A77F = {
			isa = PBXGroup;
			children = (
				3BF5B43B24B1CAE00038A77F /* Multithreading */,
				3BF5B43A24B1CAE00038A77F /* Products */,
			);
			sourceTree = "<group>";
		};
		3BF5B43A24B1CAE00038A77F /* Products */ = {
			isa = PBXGroup;
			children = (
				3BF5B43924B1CAE00038A77F /* 多线程.app */,
			);
			name = Products;
			sourceTree = "<group>";
		};
		3BF5B43B24B1CAE00038A77F /* Multithreading */ = {
			isa = PBXGroup;
			children = (
				3BDE6AD825189D8E00EACE6C /* Tools */,
				3BF5B45524B1CC4F0038A77F /* Controllers */,
				3BF5B45924B1CC4F0038A77F /* Models */,
				3BF5B45624B1CC4F0038A77F /* Views */,
				3BF5B43C24B1CAE00038A77F /* AppDelegate.h */,
				3BF5B43D24B1CAE00038A77F /* AppDelegate.m */,
				3BF5B43F24B1CAE00038A77F /* SceneDelegate.h */,
				3BF5B44024B1CAE00038A77F /* SceneDelegate.m */,
				3BF5B44524B1CAE00038A77F /* Main.storyboard */,
				3BF5B44824B1CAE30038A77F /* Assets.xcassets */,
				3BF5B44A24B1CAE30038A77F /* LaunchScreen.storyboard */,
				3BF5B44D24B1CAE30038A77F /* Info.plist */,
				3BF5B44E24B1CAE30038A77F /* main.m */,
			);
			path = Multithreading;
			sourceTree = "<group>";
		};
		3BF5B45524B1CC4F0038A77F /* Controllers */ = {
			isa = PBXGroup;
			children = (
				3BF5B45A24B1CC6C0038A77F /* BaseViewController.h */,
				3BF5B45B24B1CC6C0038A77F /* BaseViewController.m */,
				3BF5B45D24B1CC800038A77F /* MainViewController.h */,
				3BF5B45E24B1CC800038A77F /* MainViewController.m */,
				3BF5B46024B1D06B0038A77F /* ThreadViewController.h */,
				3BF5B46124B1D06B0038A77F /* ThreadViewController.m */,
				3BF5B46324B1D0750038A77F /* GCDViewController.h */,
				3BF5B46424B1D0750038A77F /* GCDViewController.m */,
				3BDA38592526BB8600CD9532 /* GCDOtherViewController.h */,
				3BDA385A2526BB8600CD9532 /* GCDOtherViewController.m */,
				3BF5B46624B1D0850038A77F /* OperationViewController.h */,
				3BF5B46724B1D0850038A77F /* OperationViewController.m */,
				3BDE6AC225172FD200EACE6C /* PThreadViewController.h */,
				3BDE6AC325172FD200EACE6C /* PThreadViewController.m */,
			);
			path = Controllers;
			sourceTree = "<group>";
		};
		3BF5B45624B1CC4F0038A77F /* Views */ = {
			isa = PBXGroup;
			children = (
				3BF5B45724B1CC4F0038A77F /* Cell */,
				3BF5B45824B1CC4F0038A77F /* View */,
			);
			path = Views;
			sourceTree = "<group>";
		};
		3BF5B45724B1CC4F0038A77F /* Cell */ = {
			isa = PBXGroup;
			children = (
			);
			path = Cell;
			sourceTree = "<group>";
		};
		3BF5B45824B1CC4F0038A77F /* View */ = {
			isa = PBXGroup;
			children = (
			);
			path = View;
			sourceTree = "<group>";
		};
		3BF5B45924B1CC4F0038A77F /* Models */ = {
			isa = PBXGroup;
			children = (
			);
			path = Models;
			sourceTree = "<group>";
		};
/* End PBXGroup section */

/* Begin PBXNativeTarget section */
		3BF5B43824B1CAE00038A77F /* Multithreading */ = {
			isa = PBXNativeTarget;
			buildConfigurationList = 3BF5B45224B1CAE30038A77F /* Build configuration list for PBXNativeTarget "Multithreading" */;
			buildPhases = (
				3BF5B43524B1CAE00038A77F /* Sources */,
				3BF5B43624B1CAE00038A77F /* Frameworks */,
				3BF5B43724B1CAE00038A77F /* Resources */,
			);
			buildRules = (
			);
			dependencies = (
			);
			name = Multithreading;
			productName = Multithreading;
			productReference = 3BF5B43924B1CAE00038A77F /* 多线程.app */;
			productType = "com.apple.product-type.application";
		};
/* End PBXNativeTarget section */

/* Begin PBXProject section */
		3BF5B43124B1CAE00038A77F /* Project object */ = {
			isa = PBXProject;
			attributes = {
				LastUpgradeCheck = 1130;
				ORGANIZATIONNAME = weiman;
				TargetAttributes = {
					3BF5B43824B1CAE00038A77F = {
						CreatedOnToolsVersion = 11.3.1;
					};
				};
			};
			buildConfigurationList = 3BF5B43424B1CAE00038A77F /* Build configuration list for PBXProject "Multithreading" */;
			compatibilityVersion = "Xcode 9.3";
			developmentRegion = en;
			hasScannedForEncodings = 0;
			knownRegions = (
				en,
				Base,
			);
			mainGroup = 3BF5B43024B1CAE00038A77F;
			productRefGroup = 3BF5B43A24B1CAE00038A77F /* Products */;
			projectDirPath = "";
			projectRoot = "";
			targets = (
				3BF5B43824B1CAE00038A77F /* Multithreading */,
			);
		};
/* End PBXProject section */

/* Begin PBXResourcesBuildPhase section */
		3BF5B43724B1CAE00038A77F /* Resources */ = {
			isa = PBXResourcesBuildPhase;
			buildActionMask = 2147483647;
			files = (
				3BF5B44C24B1CAE30038A77F /* LaunchScreen.storyboard in Resources */,
				3BF5B44924B1CAE30038A77F /* Assets.xcassets in Resources */,
				3BF5B44724B1CAE00038A77F /* Main.storyboard in Resources */,
			);
			runOnlyForDeploymentPostprocessing = 0;
		};
/* End PBXResourcesBuildPhase section */

/* Begin PBXSourcesBuildPhase section */
		3BF5B43524B1CAE00038A77F /* Sources */ = {
			isa = PBXSourcesBuildPhase;
			buildActionMask = 2147483647;
			files = (
				3BF5B46224B1D06B0038A77F /* ThreadViewController.m in Sources */,
				3BDE6ADB25189DAF00EACE6C /* WMThread.m in Sources */,
				3BF5B43E24B1CAE00038A77F /* AppDelegate.m in Sources */,
				3BF5B45C24B1CC6C0038A77F /* BaseViewController.m in Sources */,
				3BF5B44F24B1CAE30038A77F /* main.m in Sources */,
				3BDE6AC425172FD200EACE6C /* PThreadViewController.m in Sources */,
				3B5FE0DC252709330032AAA9 /* GCDTest.m in Sources */,
				3BDA385B2526BB8600CD9532 /* GCDOtherViewController.m in Sources */,
				3BF5B46824B1D0850038A77F /* OperationViewController.m in Sources */,
				3BF5B46524B1D0750038A77F /* GCDViewController.m in Sources */,
				3BF5B45F24B1CC800038A77F /* MainViewController.m in Sources */,
				3BF5B44124B1CAE00038A77F /* SceneDelegate.m in Sources */,
			);
			runOnlyForDeploymentPostprocessing = 0;
		};
/* End PBXSourcesBuildPhase section */

/* Begin PBXVariantGroup section */
		3BF5B44524B1CAE00038A77F /* Main.storyboard */ = {
			isa = PBXVariantGroup;
			children = (
				3BF5B44624B1CAE00038A77F /* Base */,
			);
			name = Main.storyboard;
			sourceTree = "<group>";
		};
		3BF5B44A24B1CAE30038A77F /* LaunchScreen.storyboard */ = {
			isa = PBXVariantGroup;
			children = (
				3BF5B44B24B1CAE30038A77F /* Base */,
			);
			name = LaunchScreen.storyboard;
			sourceTree = "<group>";
		};
/* End PBXVariantGroup section */

/* Begin XCBuildConfiguration section */
		3BF5B45024B1CAE30038A77F /* Debug */ = {
			isa = XCBuildConfiguration;
			buildSettings = {
				ALWAYS_SEARCH_USER_PATHS = NO;
				CLANG_ANALYZER_NONNULL = YES;
				CLANG_ANALYZER_NUMBER_OBJECT_CONVERSION = YES_AGGRESSIVE;
				CLANG_CXX_LANGUAGE_STANDARD = "gnu++14";
				CLANG_CXX_LIBRARY = "libc++";
				CLANG_ENABLE_MODULES = YES;
				CLANG_ENABLE_OBJC_ARC = YES;
				CLANG_ENABLE_OBJC_WEAK = YES;
				CLANG_WARN_BLOCK_CAPTURE_AUTORELEASING = YES;
				CLANG_WARN_BOOL_CONVERSION = YES;
				CLANG_WARN_COMMA = YES;
				CLANG_WARN_CONSTANT_CONVERSION = YES;
				CLANG_WARN_DEPRECATED_OBJC_IMPLEMENTATIONS = YES;
				CLANG_WARN_DIRECT_OBJC_ISA_USAGE = YES_ERROR;
				CLANG_WARN_DOCUMENTATION_COMMENTS = YES;
				CLANG_WARN_EMPTY_BODY = YES;
				CLANG_WARN_ENUM_CONVERSION = YES;
				CLANG_WARN_INFINITE_RECURSION = YES;
				CLANG_WARN_INT_CONVERSION = YES;
				CLANG_WARN_NON_LITERAL_NULL_CONVERSION = YES;
				CLANG_WARN_OBJC_IMPLICIT_RETAIN_SELF = YES;
				CLANG_WARN_OBJC_LITERAL_CONVERSION = YES;
				CLANG_WARN_OBJC_ROOT_CLASS = YES_ERROR;
				CLANG_WARN_RANGE_LOOP_ANALYSIS = YES;
				CLANG_WARN_STRICT_PROTOTYPES = YES;
				CLANG_WARN_SUSPICIOUS_MOVE = YES;
				CLANG_WARN_UNGUARDED_AVAILABILITY = YES_AGGRESSIVE;
				CLANG_WARN_UNREACHABLE_CODE = YES;
				CLANG_WARN__DUPLICATE_METHOD_MATCH = YES;
				COPY_PHASE_STRIP = NO;
				DEBUG_INFORMATION_FORMAT = dwarf;
				ENABLE_STRICT_OBJC_MSGSEND = YES;
				ENABLE_TESTABILITY = YES;
				GCC_C_LANGUAGE_STANDARD = gnu11;
				GCC_DYNAMIC_NO_PIC = NO;
				GCC_NO_COMMON_BLOCKS = YES;
				GCC_OPTIMIZATION_LEVEL = 0;
				GCC_PREPROCESSOR_DEFINITIONS = (
					"DEBUG=1",
					"$(inherited)",
				);
				GCC_WARN_64_TO_32_BIT_CONVERSION = YES;
				GCC_WARN_ABOUT_RETURN_TYPE = YES_ERROR;
				GCC_WARN_UNDECLARED_SELECTOR = YES;
				GCC_WARN_UNINITIALIZED_AUTOS = YES_AGGRESSIVE;
				GCC_WARN_UNUSED_FUNCTION = YES;
				GCC_WARN_UNUSED_VARIABLE = YES;
				IPHONEOS_DEPLOYMENT_TARGET = 13.2;
				MTL_ENABLE_DEBUG_INFO = INCLUDE_SOURCE;
				MTL_FAST_MATH = YES;
				ONLY_ACTIVE_ARCH = YES;
				SDKROOT = iphoneos;
			};
			name = Debug;
		};
		3BF5B45124B1CAE30038A77F /* Release */ = {
			isa = XCBuildConfiguration;
			buildSettings = {
				ALWAYS_SEARCH_USER_PATHS = NO;
				CLANG_ANALYZER_NONNULL = YES;
				CLANG_ANALYZER_NUMBER_OBJECT_CONVERSION = YES_AGGRESSIVE;
				CLANG_CXX_LANGUAGE_STANDARD = "gnu++14";
				CLANG_CXX_LIBRARY = "libc++";
				CLANG_ENABLE_MODULES = YES;
				CLANG_ENABLE_OBJC_ARC = YES;
				CLANG_ENABLE_OBJC_WEAK = YES;
				CLANG_WARN_BLOCK_CAPTURE_AUTORELEASING = YES;
				CLANG_WARN_BOOL_CONVERSION = YES;
				CLANG_WARN_COMMA = YES;
				CLANG_WARN_CONSTANT_CONVERSION = YES;
				CLANG_WARN_DEPRECATED_OBJC_IMPLEMENTATIONS = YES;
				CLANG_WARN_DIRECT_OBJC_ISA_USAGE = YES_ERROR;
				CLANG_WARN_DOCUMENTATION_COMMENTS = YES;
				CLANG_WARN_EMPTY_BODY = YES;
				CLANG_WARN_ENUM_CONVERSION = YES;
				CLANG_WARN_INFINITE_RECURSION = YES;
				CLANG_WARN_INT_CONVERSION = YES;
				CLANG_WARN_NON_LITERAL_NULL_CONVERSION = YES;
				CLANG_WARN_OBJC_IMPLICIT_RETAIN_SELF = YES;
				CLANG_WARN_OBJC_LITERAL_CONVERSION = YES;
				CLANG_WARN_OBJC_ROOT_CLASS = YES_ERROR;
				CLANG_WARN_RANGE_LOOP_ANALYSIS = YES;
				CLANG_WARN_STRICT_PROTOTYPES = YES;
				CLANG_WARN_SUSPICIOUS_MOVE = YES;
				CLANG_WARN_UNGUARDED_AVAILABILITY = YES_AGGRESSIVE;
				CLANG_WARN_UNREACHABLE_CODE = YES;
				CLANG_WARN__DUPLICATE_METHOD_MATCH = YES;
				COPY_PHASE_STRIP = NO;
				DEBUG_INFORMATION_FORMAT = "dwarf-with-dsym";
				ENABLE_NS_ASSERTIONS = NO;
				ENABLE_STRICT_OBJC_MSGSEND = YES;
				GCC_C_LANGUAGE_STANDARD = gnu11;
				GCC_NO_COMMON_BLOCKS = YES;
				GCC_WARN_64_TO_32_BIT_CONVERSION = YES;
				GCC_WARN_ABOUT_RETURN_TYPE = YES_ERROR;
				GCC_WARN_UNDECLARED_SELECTOR = YES;
				GCC_WARN_UNINITIALIZED_AUTOS = YES_AGGRESSIVE;
				GCC_WARN_UNUSED_FUNCTION = YES;
				GCC_WARN_UNUSED_VARIABLE = YES;
				IPHONEOS_DEPLOYMENT_TARGET = 13.2;
				MTL_ENABLE_DEBUG_INFO = NO;
				MTL_FAST_MATH = YES;
				SDKROOT = iphoneos;
				VALIDATE_PRODUCT = YES;
			};
			name = Release;
		};
		3BF5B45324B1CAE30038A77F /* Debug */ = {
			isa = XCBuildConfiguration;
			buildSettings = {
				ASSETCATALOG_COMPILER_APPICON_NAME = AppIcon;
				CODE_SIGN_STYLE = Automatic;
				INFOPLIST_FILE = Multithreading/Info.plist;
				LD_RUNPATH_SEARCH_PATHS = (
					"$(inherited)",
					"@executable_path/Frameworks",
				);
				PRODUCT_BUNDLE_IDENTIFIER = com.weiman.Multithreading;
				PRODUCT_NAME = "多线程";
				TARGETED_DEVICE_FAMILY = 1;
			};
			name = Debug;
		};
		3BF5B45424B1CAE30038A77F /* Release */ = {
			isa = XCBuildConfiguration;
			buildSettings = {
				ASSETCATALOG_COMPILER_APPICON_NAME = AppIcon;
				CODE_SIGN_STYLE = Automatic;
				INFOPLIST_FILE = Multithreading/Info.plist;
				LD_RUNPATH_SEARCH_PATHS = (
					"$(inherited)",
					"@executable_path/Frameworks",
				);
				PRODUCT_BUNDLE_IDENTIFIER = com.weiman.Multithreading;
				PRODUCT_NAME = "多线程";
				TARGETED_DEVICE_FAMILY = 1;
			};
			name = Release;
		};
/* End XCBuildConfiguration section */

/* Begin XCConfigurationList section */
		3BF5B43424B1CAE00038A77F /* Build configuration list for PBXProject "Multithreading" */ = {
			isa = XCConfigurationList;
			buildConfigurations = (
				3BF5B45024B1CAE30038A77F /* Debug */,
				3BF5B45124B1CAE30038A77F /* Release */,
			);
			defaultConfigurationIsVisible = 0;
			defaultConfigurationName = Release;
		};
		3BF5B45224B1CAE30038A77F /* Build configuration list for PBXNativeTarget "Multithreading" */ = {
			isa = XCConfigurationList;
			buildConfigurations = (
				3BF5B45324B1CAE30038A77F /* Debug */,
				3BF5B45424B1CAE30038A77F /* Release */,
			);
			defaultConfigurationIsVisible = 0;
			defaultConfigurationName = Release;
		};
/* End XCConfigurationList section */
	};
	rootObject = 3BF5B43124B1CAE00038A77F /* Project object */;
}
